
Microsoft Visual Studio Solution File, Format Version 12.00
# Visual Studio 15
VisualStudioVersion = 15.0.27428.2037
MinimumVisualStudioVersion = 10.0.40219.1
Project("{9A19103F-16F7-4668-BE54-9A1E7A4F7556}") = "DockerDemo", "DockerDemo\DockerDemo.csproj", "{CF583F1E-CDBB-4B76-9D05-CA3EC2BC35CC}"
EndProject
Project("{E53339B2-1760-4266-BCC7-CA923CBCF16C}") = "docker-compose", "docker-compose.dcproj", "{7115D2DE-7136-410F-9EBD-6B52914795CF}"
EndProject
Global
	GlobalSection(SolutionConfigurationPlatforms) = preSolution
		Debug|Any CPU = Debug|Any CPU
		Release|Any CPU = Release|Any CPU
	EndGlobalSection
	GlobalSection(ProjectConfigurationPlatforms) = postSolution
		{CF583F1E-CDBB-4B76-9D05-CA3EC2BC35CC}.Debug|Any CPU.ActiveCfg = Debug|Any CPU
		{CF583F1E-CDBB-4B76-9D05-CA3EC2BC35CC}.Debug|Any CPU.Build.0 = Debug|Any CPU
		{CF583F1E-CDBB-4B76-9D05-CA3EC2BC35CC}.Release|Any CPU.ActiveCfg = Release|Any CPU
		{CF583F1E-CDBB-4B76-9D05-CA3EC2BC35CC}.Release|Any CPU.Build.0 = Release|Any CPU
		{7115D2DE-7136-410F-9EBD-6B52914795CF}.Debug|Any CPU.ActiveCfg = Debug|Any CPU
		{7115D2DE-7136-410F-9EBD-6B52914795CF}.Debug|Any CPU.Build.0 = Debug|Any CPU
		{7115D2DE-7136-410F-9EBD-6B52914795CF}.Release|Any CPU.ActiveCfg = Release|Any CPU
		{7115D2DE-7136-410F-9EBD-6B52914795CF}.Release|Any CPU.Build.0 = Release|Any CPU
	EndGlobalSection
	GlobalSection(SolutionProperties) = preSolution
		HideSolutionNode = FALSE
	EndGlobalSection
	GlobalSection(ExtensibilityGlobals) = postSolution
		SolutionGuid = {B1AF56DE-FB51-475A-BDB3-F2B296ED6AF3}
	EndGlobalSection
EndGlobal
